
Microsoft Visual Studio Solution File, Format Version 12.00
# Visual Studio 14
VisualStudioVersion = 14.0.25420.1
MinimumVisualStudioVersion = 10.0.40219.1
Project("{2150E333-8FDC-42A3-9474-1A3956D46DE8}") = "src", "src", "{995A289E-3E79-48B5-B15B-34D27C12DA9B}"
EndProject
Project("{2150E333-8FDC-42A3-9474-1A3956D46DE8}") = "Solution Items", "Solution Items", "{7CB879C9-A29B-443C-A341-0562B6469DE6}"
	ProjectSection(SolutionItems) = preProject
		global.json = global.json
	EndProjectSection
EndProject
Project("{8BB2217D-0F2D-49D1-97BC-3654ED321F3B}") = "web02", "src\web02\web02.xproj", "{CCF1FB9E-C4C3-47DC-9335-88B034E5E761}"
EndProject
Global
	GlobalSection(SolutionConfigurationPlatforms) = preSolution
		Debug|Any CPU = Debug|Any CPU
		Release|Any CPU = Release|Any CPU
	EndGlobalSection
	GlobalSection(ProjectConfigurationPlatforms) = postSolution
		{CCF1FB9E-C4C3-47DC-9335-88B034E5E761}.Debug|Any CPU.ActiveCfg = Debug|Any CPU
		{CCF1FB9E-C4C3-47DC-9335-88B034E5E761}.Debug|Any CPU.Build.0 = Debug|Any CPU
		{CCF1FB9E-C4C3-47DC-9335-88B034E5E761}.Release|Any CPU.ActiveCfg = Release|Any CPU
		{CCF1FB9E-C4C3-47DC-9335-88B034E5E761}.Release|Any CPU.Build.0 = Release|Any CPU
	EndGlobalSection
	GlobalSection(SolutionProperties) = preSolution
		HideSolutionNode = FALSE
	EndGlobalSection
	GlobalSection(NestedProjects) = preSolution
		{CCF1FB9E-C4C3-47DC-9335-88B034E5E761} = {995A289E-3E79-48B5-B15B-34D27C12DA9B}
	EndGlobalSection
EndGlobal
